{
  "version": 4,
  "terraform_version": "1.4.6",
  "serial": 36,
  "lineage": "279ad08f-2703-eb29-860e-a8eacf066c21",
  "outputs": {
    "How_to_Connect_to": {
      "value": "ssh -i '/Users/davila/Documents/ec2-default.pem' ec2-user@18.210.109.138",
      "type": "string"
    }
  },
  "resources": [
    {
      "mode": "data",
      "type": "aws_region",
      "name": "current",
      "provider": "provider[\"registry.terraform.io/hashicorp/aws\"]",
      "instances": [
        {
          "schema_version": 0,
          "attributes": {
            "description": "US East (N. Virginia)",
            "endpoint": "ec2.us-east-1.amazonaws.com",
            "id": "us-east-1",
            "name": "us-east-1"
          },
          "sensitive_attributes": []
        }
      ]
    },
    {
      "mode": "managed",
      "type": "aws_eip",
      "name": "this",
      "provider": "provider[\"registry.terraform.io/hashicorp/aws\"]",
      "instances": [
        {
          "schema_version": 0,
          "attributes": {
            "address": null,
            "allocation_id": "eipalloc-0e20089895a4149b8",
            "associate_with_private_ip": null,
            "association_id": "eipassoc-0b72ec3c1991ce0b6",
            "carrier_ip": "",
            "customer_owned_ip": "",
            "customer_owned_ipv4_pool": "",
            "domain": "vpc",
            "id": "eipalloc-0e20089895a4149b8",
            "instance": "i-0dde8e15a8e8968bc",
            "network_border_group": "us-east-1",
            "network_interface": "eni-03a11b1a81b8672f5",
            "private_dns": "ip-10-20-1-180.ec2.internal",
            "private_ip": "10.20.1.180",
            "public_dns": "ec2-18-210-109-138.compute-1.amazonaws.com",
            "public_ip": "18.210.109.138",
            "public_ipv4_pool": "amazon",
            "tags": {
              "git_commit": "c473ec91004d8706f13558f28ecfb0e6ab6e1484",
              "git_file": "ec2-instance.tf",
              "git_last_modified_at": "2023-05-17 14:30:17",
              "git_last_modified_by": "33632789+davidaavilar@users.noreply.github.com",
              "git_modifiers": "33632789+davidaavilar",
              "git_org": "davidaavilar",
              "git_repo": "davila-drift-detection",
              "yor_trace": "4a79d5f4-9f74-4846-8577-a85760ae2ff0"
            },
            "tags_all": {
              "git_commit": "c473ec91004d8706f13558f28ecfb0e6ab6e1484",
              "git_file": "ec2-instance.tf",
              "git_last_modified_at": "2023-05-17 14:30:17",
              "git_last_modified_by": "33632789+davidaavilar@users.noreply.github.com",
              "git_modifiers": "33632789+davidaavilar",
              "git_org": "davidaavilar",
              "git_repo": "davila-drift-detection",
              "yor_trace": "4a79d5f4-9f74-4846-8577-a85760ae2ff0"
            },
            "timeouts": null,
            "vpc": true
          },
          "sensitive_attributes": [],
          "private": "eyJlMmJmYjczMC1lY2FhLTExZTYtOGY4OC0zNDM2M2JjN2M0YzAiOnsiZGVsZXRlIjoxODAwMDAwMDAwMDAsInJlYWQiOjkwMDAwMDAwMDAwMCwidXBkYXRlIjozMDAwMDAwMDAwMDB9fQ==",
          "dependencies": [
            "aws_iam_instance_profile.this",
            "aws_iam_role.this",
            "aws_instance.web_instance",
            "aws_security_group.web_sg",
            "aws_subnet.this_public",
            "aws_vpc.this",
            "data.aws_region.current"
          ]
        }
      ]
    },
    {
      "mode": "managed",
      "type": "aws_iam_instance_profile",
      "name": "this",
      "provider": "provider[\"registry.terraform.io/hashicorp/aws\"]",
      "instances": [
        {
          "schema_version": 0,
          "attributes": {
            "arn": "arn:aws:iam::108863513136:instance-profile/davila-drift-testing-ec2-instance-profile",
            "create_date": "2023-05-17T14:15:44Z",
            "id": "davila-drift-testing-ec2-instance-profile",
            "name": "davila-drift-testing-ec2-instance-profile",
            "name_prefix": "",
            "path": "/",
            "role": "davila-drift-testing-ec2-iam-role",
            "tags": {
              "git_commit": "c473ec91004d8706f13558f28ecfb0e6ab6e1484",
              "git_file": "ec2-instance.tf",
              "git_last_modified_at": "2023-05-17 14:30:17",
              "git_last_modified_by": "33632789+davidaavilar@users.noreply.github.com",
              "git_modifiers": "33632789+davidaavilar",
              "git_org": "davidaavilar",
              "git_repo": "davila-drift-detection",
              "yor_trace": "ddfa6814-26ed-4365-aa0d-b88e33dc29b3"
            },
            "tags_all": {
              "git_commit": "c473ec91004d8706f13558f28ecfb0e6ab6e1484",
              "git_file": "ec2-instance.tf",
              "git_last_modified_at": "2023-05-17 14:30:17",
              "git_last_modified_by": "33632789+davidaavilar@users.noreply.github.com",
              "git_modifiers": "33632789+davidaavilar",
              "git_org": "davidaavilar",
              "git_repo": "davila-drift-detection",
              "yor_trace": "ddfa6814-26ed-4365-aa0d-b88e33dc29b3"
            },
            "unique_id": "AIPARSWGFMIYNRFOXPWUK"
          },
          "sensitive_attributes": [],
          "private": "bnVsbA==",
          "dependencies": [
            "aws_iam_role.this"
          ]
        }
      ]
    },
    {
      "mode": "managed",
      "type": "aws_iam_role",
      "name": "this",
      "provider": "provider[\"registry.terraform.io/hashicorp/aws\"]",
      "instances": [
        {
          "schema_version": 0,
          "attributes": {
            "arn": "arn:aws:iam::108863513136:role/davila-drift-testing-ec2-iam-role",
            "assume_role_policy": "{\"Statement\":[{\"Action\":\"sts:AssumeRole\",\"Effect\":\"Allow\",\"Principal\":{\"Service\":\"ec2.amazonaws.com\"},\"Sid\":\"\"}],\"Version\":\"2012-10-17\"}",
            "create_date": "2023-05-17T14:15:43Z",
            "description": "",
            "force_detach_policies": false,
            "id": "davila-drift-testing-ec2-iam-role",
            "inline_policy": [
              {
                "name": "davila-drift-testing-ec2-iam-policy",
                "policy": "{\"Version\":\"2012-10-17\",\"Statement\":[{\"Action\":[\"logs:CreateLogGroup\",\"logs:CreateLogStream\",\"logs:PutLogEvents\",\"logs:PutMetricFilter\",\"cloudwatch:PutMetricData\"],\"Effect\":\"Allow\",\"Resource\":\"arn:aws:logs:*:*:*\",\"Sid\":\"Logs\"},{\"Action\":[\"sns:*\"],\"Effect\":\"Allow\",\"Resource\":\"*\",\"Sid\":\"SNS\"}]}"
              }
            ],
            "managed_policy_arns": [],
            "max_session_duration": 3600,
            "name": "davila-drift-testing-ec2-iam-role",
            "name_prefix": "",
            "path": "/",
            "permissions_boundary": null,
            "role_last_used": [
              {
                "last_used_date": "2023-05-17T14:24:11Z",
                "region": "us-east-1"
              }
            ],
            "tags": {
              "git_commit": "c473ec91004d8706f13558f28ecfb0e6ab6e1484",
              "git_file": "ec2-instance.tf",
              "git_last_modified_at": "2023-05-17 14:30:17",
              "git_last_modified_by": "33632789+davidaavilar@users.noreply.github.com",
              "git_modifiers": "33632789+davidaavilar",
              "git_org": "davidaavilar",
              "git_repo": "davila-drift-detection",
              "yor_trace": "8e08c857-b72b-4e47-97c6-7a59f66ec4fd"
            },
            "tags_all": {
              "git_commit": "c473ec91004d8706f13558f28ecfb0e6ab6e1484",
              "git_file": "ec2-instance.tf",
              "git_last_modified_at": "2023-05-17 14:30:17",
              "git_last_modified_by": "33632789+davidaavilar@users.noreply.github.com",
              "git_modifiers": "33632789+davidaavilar",
              "git_org": "davidaavilar",
              "git_repo": "davila-drift-detection",
              "yor_trace": "8e08c857-b72b-4e47-97c6-7a59f66ec4fd"
            },
            "unique_id": "AROARSWGFMIYFX36RRQXL"
          },
          "sensitive_attributes": [],
          "private": "bnVsbA=="
        }
      ]
    },
    {
      "mode": "managed",
      "type": "aws_iam_role_policy",
      "name": "this",
      "provider": "provider[\"registry.terraform.io/hashicorp/aws\"]",
      "instances": [
        {
          "schema_version": 0,
          "attributes": {
            "id": "davila-drift-testing-ec2-iam-role:davila-drift-testing-ec2-iam-policy",
            "name": "davila-drift-testing-ec2-iam-policy",
            "name_prefix": null,
            "policy": "{\"Version\":\"2012-10-17\",\"Statement\":[{\"Action\":[\"logs:CreateLogGroup\",\"logs:CreateLogStream\",\"logs:PutLogEvents\",\"logs:PutMetricFilter\",\"cloudwatch:PutMetricData\"],\"Effect\":\"Allow\",\"Resource\":\"arn:aws:logs:*:*:*\",\"Sid\":\"Logs\"},{\"Action\":[\"sns:*\"],\"Effect\":\"Allow\",\"Resource\":\"*\",\"Sid\":\"SNS\"}]}",
            "role": "davila-drift-testing-ec2-iam-role"
          },
          "sensitive_attributes": [],
          "private": "bnVsbA==",
          "dependencies": [
            "aws_iam_role.this"
          ]
        }
      ]
    },
    {
      "mode": "managed",
      "type": "aws_instance",
      "name": "web_instance",
      "provider": "provider[\"registry.terraform.io/hashicorp/aws\"]",
      "instances": [
        {
          "schema_version": 1,
          "attributes": {
            "ami": "ami-0889a44b331db0194",
            "arn": "arn:aws:ec2:us-east-1:108863513136:instance/i-0dde8e15a8e8968bc",
            "associate_public_ip_address": true,
            "availability_zone": "us-east-1a",
            "capacity_reservation_specification": [
              {
                "capacity_reservation_preference": "open",
                "capacity_reservation_target": []
              }
            ],
            "cpu_core_count": 1,
            "cpu_options": [
              {
                "amd_sev_snp": "",
                "core_count": 1,
                "threads_per_core": 2
              }
            ],
            "cpu_threads_per_core": 2,
            "credit_specification": [
              {
                "cpu_credits": "unlimited"
              }
            ],
            "disable_api_stop": false,
            "disable_api_termination": false,
            "ebs_block_device": [],
            "ebs_optimized": false,
            "enclave_options": [
              {
                "enabled": false
              }
            ],
            "ephemeral_block_device": [],
            "get_password_data": false,
            "hibernation": false,
            "host_id": "",
            "host_resource_group_arn": null,
            "iam_instance_profile": "davila-drift-testing-ec2-instance-profile",
            "id": "i-0dde8e15a8e8968bc",
            "instance_initiated_shutdown_behavior": "stop",
            "instance_state": "running",
            "instance_type": "t3.micro",
            "ipv6_address_count": 0,
            "ipv6_addresses": [],
            "key_name": "ec2-default",
            "launch_template": [],
            "maintenance_options": [
              {
                "auto_recovery": "default"
              }
            ],
            "metadata_options": [
              {
                "http_endpoint": "enabled",
                "http_put_response_hop_limit": 2,
                "http_tokens": "required",
                "instance_metadata_tags": "disabled"
              }
            ],
            "monitoring": false,
            "network_interface": [],
            "outpost_arn": "",
            "password_data": "",
            "placement_group": "",
            "placement_partition_number": 0,
            "primary_network_interface_id": "eni-03a11b1a81b8672f5",
            "private_dns": "ip-10-20-1-180.ec2.internal",
            "private_dns_name_options": [
              {
                "enable_resource_name_dns_a_record": false,
                "enable_resource_name_dns_aaaa_record": false,
                "hostname_type": "ip-name"
              }
            ],
            "private_ip": "10.20.1.180",
            "public_dns": "",
            "public_ip": "18.210.109.138",
            "root_block_device": [
              {
                "delete_on_termination": true,
                "device_name": "/dev/xvda",
                "encrypted": false,
                "iops": 3000,
                "kms_key_id": "",
                "tags": {},
                "throughput": 125,
                "volume_id": "vol-0f533c4aae9610f39",
                "volume_size": 8,
                "volume_type": "gp3"
              }
            ],
            "secondary_private_ips": [],
            "security_groups": [],
            "source_dest_check": true,
            "subnet_id": "subnet-062d65fc3949b38d3",
            "tags": {
              "Name": "davila-drift-testing-ec2",
              "git_commit": "c473ec91004d8706f13558f28ecfb0e6ab6e1484",
              "git_file": "ec2-instance.tf",
              "git_last_modified_at": "2023-05-17 14:30:17",
              "git_last_modified_by": "33632789+davidaavilar@users.noreply.github.com",
              "git_modifiers": "33632789+davidaavilar",
              "git_org": "davidaavilar",
              "git_repo": "davila-drift-detection",
              "yor_trace": "29351e56-0895-4c5c-a08f-376e701520b5"
            },
            "tags_all": {
              "Name": "davila-drift-testing-ec2",
              "git_commit": "c473ec91004d8706f13558f28ecfb0e6ab6e1484",
              "git_file": "ec2-instance.tf",
              "git_last_modified_at": "2023-05-17 14:30:17",
              "git_last_modified_by": "33632789+davidaavilar@users.noreply.github.com",
              "git_modifiers": "33632789+davidaavilar",
              "git_org": "davidaavilar",
              "git_repo": "davila-drift-detection",
              "yor_trace": "29351e56-0895-4c5c-a08f-376e701520b5"
            },
            "tenancy": "default",
            "timeouts": null,
            "user_data": null,
            "user_data_base64": null,
            "user_data_replace_on_change": false,
            "volume_tags": null,
            "vpc_security_group_ids": [
              "sg-0837aaf3e0cf918ac"
            ]
          },
          "sensitive_attributes": [],
          "private": "eyJlMmJmYjczMC1lY2FhLTExZTYtOGY4OC0zNDM2M2JjN2M0YzAiOnsiY3JlYXRlIjo2MDAwMDAwMDAwMDAsImRlbGV0ZSI6MTIwMDAwMDAwMDAwMCwidXBkYXRlIjo2MDAwMDAwMDAwMDB9LCJzY2hlbWFfdmVyc2lvbiI6IjEifQ==",
          "dependencies": [
            "aws_iam_instance_profile.this",
            "aws_iam_role.this",
            "aws_security_group.web_sg",
            "aws_subnet.this_public",
            "aws_vpc.this",
            "data.aws_region.current"
          ]
        }
      ]
    },
    {
      "mode": "managed",
      "type": "aws_internet_gateway",
      "name": "this",
      "provider": "provider[\"registry.terraform.io/hashicorp/aws\"]",
      "instances": [
        {
          "schema_version": 0,
          "attributes": {
            "arn": "arn:aws:ec2:us-east-1:108863513136:internet-gateway/igw-0cc90ea6e85672253",
            "id": "igw-0cc90ea6e85672253",
            "owner_id": "108863513136",
            "tags": {
              "Name": "davila-drift-testing-igw",
              "git_commit": "c473ec91004d8706f13558f28ecfb0e6ab6e1484",
              "git_file": "ec2-instance.tf",
              "git_last_modified_at": "2023-05-17 14:30:17",
              "git_last_modified_by": "33632789+davidaavilar@users.noreply.github.com",
              "git_modifiers": "33632789+davidaavilar",
              "git_org": "davidaavilar",
              "git_repo": "davila-drift-detection",
              "yor_trace": "83e04cb7-bea4-4e06-8396-ee32cd16a33e"
            },
            "tags_all": {
              "Name": "davila-drift-testing-igw",
              "git_commit": "c473ec91004d8706f13558f28ecfb0e6ab6e1484",
              "git_file": "ec2-instance.tf",
              "git_last_modified_at": "2023-05-17 14:30:17",
              "git_last_modified_by": "33632789+davidaavilar@users.noreply.github.com",
              "git_modifiers": "33632789+davidaavilar",
              "git_org": "davidaavilar",
              "git_repo": "davila-drift-detection",
              "yor_trace": "83e04cb7-bea4-4e06-8396-ee32cd16a33e"
            },
            "timeouts": null,
            "vpc_id": "vpc-07b49b3c08788ac2e"
          },
          "sensitive_attributes": [],
          "private": "eyJlMmJmYjczMC1lY2FhLTExZTYtOGY4OC0zNDM2M2JjN2M0YzAiOnsiY3JlYXRlIjoxMjAwMDAwMDAwMDAwLCJkZWxldGUiOjEyMDAwMDAwMDAwMDAsInVwZGF0ZSI6MTIwMDAwMDAwMDAwMH19",
          "dependencies": [
            "aws_vpc.this"
          ]
        }
      ]
    },
    {
      "mode": "managed",
      "type": "aws_route_table",
      "name": "this_public",
      "provider": "provider[\"registry.terraform.io/hashicorp/aws\"]",
      "instances": [
        {
          "schema_version": 0,
          "attributes": {
            "arn": "arn:aws:ec2:us-east-1:108863513136:route-table/rtb-05513d1d372372daf",
            "id": "rtb-05513d1d372372daf",
            "owner_id": "108863513136",
            "propagating_vgws": [],
            "route": [
              {
                "carrier_gateway_id": "",
                "cidr_block": "",
                "core_network_arn": "",
                "destination_prefix_list_id": "",
                "egress_only_gateway_id": "",
                "gateway_id": "igw-0cc90ea6e85672253",
                "instance_id": "",
                "ipv6_cidr_block": "::/0",
                "local_gateway_id": "",
                "nat_gateway_id": "",
                "network_interface_id": "",
                "transit_gateway_id": "",
                "vpc_endpoint_id": "",
                "vpc_peering_connection_id": ""
              },
              {
                "carrier_gateway_id": "",
                "cidr_block": "0.0.0.0/0",
                "core_network_arn": "",
                "destination_prefix_list_id": "",
                "egress_only_gateway_id": "",
                "gateway_id": "igw-0cc90ea6e85672253",
                "instance_id": "",
                "ipv6_cidr_block": "",
                "local_gateway_id": "",
                "nat_gateway_id": "",
                "network_interface_id": "",
                "transit_gateway_id": "",
                "vpc_endpoint_id": "",
                "vpc_peering_connection_id": ""
              }
            ],
            "tags": {
              "Name": "davila-drift-testing-public-route-table",
              "git_commit": "c473ec91004d8706f13558f28ecfb0e6ab6e1484",
              "git_file": "ec2-instance.tf",
              "git_last_modified_at": "2023-05-17 14:30:17",
              "git_last_modified_by": "33632789+davidaavilar@users.noreply.github.com",
              "git_modifiers": "33632789+davidaavilar",
              "git_org": "davidaavilar",
              "git_repo": "davila-drift-detection",
              "yor_trace": "d93bb5b0-5626-449e-964f-be23459821a4"
            },
            "tags_all": {
              "Name": "davila-drift-testing-public-route-table",
              "git_commit": "c473ec91004d8706f13558f28ecfb0e6ab6e1484",
              "git_file": "ec2-instance.tf",
              "git_last_modified_at": "2023-05-17 14:30:17",
              "git_last_modified_by": "33632789+davidaavilar@users.noreply.github.com",
              "git_modifiers": "33632789+davidaavilar",
              "git_org": "davidaavilar",
              "git_repo": "davila-drift-detection",
              "yor_trace": "d93bb5b0-5626-449e-964f-be23459821a4"
            },
            "timeouts": null,
            "vpc_id": "vpc-07b49b3c08788ac2e"
          },
          "sensitive_attributes": [],
          "private": "eyJlMmJmYjczMC1lY2FhLTExZTYtOGY4OC0zNDM2M2JjN2M0YzAiOnsiY3JlYXRlIjozMDAwMDAwMDAwMDAsImRlbGV0ZSI6MzAwMDAwMDAwMDAwLCJ1cGRhdGUiOjEyMDAwMDAwMDAwMH19",
          "dependencies": [
            "aws_internet_gateway.this",
            "aws_vpc.this"
          ]
        }
      ]
    },
    {
      "mode": "managed",
      "type": "aws_route_table_association",
      "name": "this_public",
      "provider": "provider[\"registry.terraform.io/hashicorp/aws\"]",
      "instances": [
        {
          "schema_version": 0,
          "attributes": {
            "gateway_id": "",
            "id": "rtbassoc-04f446e38ee0b3445",
            "route_table_id": "rtb-05513d1d372372daf",
            "subnet_id": "subnet-062d65fc3949b38d3",
            "timeouts": null
          },
          "sensitive_attributes": [],
          "private": "bnVsbA==",
          "dependencies": [
            "aws_internet_gateway.this",
            "aws_route_table.this_public",
            "aws_subnet.this_public",
            "aws_vpc.this",
            "data.aws_region.current"
          ]
        }
      ]
    },
    {
      "mode": "managed",
      "type": "aws_security_group",
      "name": "web_sg",
      "provider": "provider[\"registry.terraform.io/hashicorp/aws\"]",
      "instances": [
        {
          "schema_version": 1,
          "attributes": {
            "arn": "arn:aws:ec2:us-east-1:108863513136:security-group/sg-0837aaf3e0cf918ac",
            "description": "Managed by Terraform",
            "egress": [
              {
                "cidr_blocks": [
                  "0.0.0.0/0"
                ],
                "description": "",
                "from_port": 0,
                "ipv6_cidr_blocks": [],
                "prefix_list_ids": [],
                "protocol": "-1",
                "security_groups": [],
                "self": false,
                "to_port": 0
              }
            ],
            "id": "sg-0837aaf3e0cf918ac",
            "ingress": [
              {
                "cidr_blocks": [
                  "181.128.160.118/32",
                  "52.8.146.99/32"
                ],
                "description": "",
                "from_port": 22,
                "ipv6_cidr_blocks": [],
                "prefix_list_ids": [],
                "protocol": "tcp",
                "security_groups": [],
                "self": false,
                "to_port": 22
              }
            ],
            "name": "davila-drift-testing-sg",
            "name_prefix": "",
            "owner_id": "108863513136",
            "revoke_rules_on_delete": false,
            "tags": {
              "git_commit": "c473ec91004d8706f13558f28ecfb0e6ab6e1484",
              "git_file": "ec2-instance.tf",
              "git_last_modified_at": "2023-05-17 14:30:17",
              "git_last_modified_by": "33632789+davidaavilar@users.noreply.github.com",
              "git_modifiers": "33632789+davidaavilar",
              "git_org": "davidaavilar",
              "git_repo": "davila-drift-detection",
              "yor_trace": "d303b2e3-acdd-4845-8b38-82f37a15640b"
            },
            "tags_all": {
              "git_commit": "c473ec91004d8706f13558f28ecfb0e6ab6e1484",
              "git_file": "ec2-instance.tf",
              "git_last_modified_at": "2023-05-17 14:30:17",
              "git_last_modified_by": "33632789+davidaavilar@users.noreply.github.com",
              "git_modifiers": "33632789+davidaavilar",
              "git_org": "davidaavilar",
              "git_repo": "davila-drift-detection",
              "yor_trace": "d303b2e3-acdd-4845-8b38-82f37a15640b"
            },
            "timeouts": null,
            "vpc_id": "vpc-07b49b3c08788ac2e"
          },
          "sensitive_attributes": [],
          "private": "eyJlMmJmYjczMC1lY2FhLTExZTYtOGY4OC0zNDM2M2JjN2M0YzAiOnsiY3JlYXRlIjo2MDAwMDAwMDAwMDAsImRlbGV0ZSI6OTAwMDAwMDAwMDAwfSwic2NoZW1hX3ZlcnNpb24iOiIxIn0=",
          "dependencies": [
            "aws_vpc.this"
          ]
        }
      ]
    },
    {
      "mode": "managed",
      "type": "aws_subnet",
      "name": "this_private",
      "provider": "provider[\"registry.terraform.io/hashicorp/aws\"]",
      "instances": [
        {
          "schema_version": 1,
          "attributes": {
            "arn": "arn:aws:ec2:us-east-1:108863513136:subnet/subnet-0cdd7727fbadbe975",
            "assign_ipv6_address_on_creation": false,
            "availability_zone": "us-east-1b",
            "availability_zone_id": "use1-az2",
            "cidr_block": "10.20.2.0/24",
            "customer_owned_ipv4_pool": "",
            "enable_dns64": false,
            "enable_lni_at_device_index": 0,
            "enable_resource_name_dns_a_record_on_launch": false,
            "enable_resource_name_dns_aaaa_record_on_launch": false,
            "id": "subnet-0cdd7727fbadbe975",
            "ipv6_cidr_block": "",
            "ipv6_cidr_block_association_id": "",
            "ipv6_native": false,
            "map_customer_owned_ip_on_launch": false,
            "map_public_ip_on_launch": false,
            "outpost_arn": "",
            "owner_id": "108863513136",
            "private_dns_hostname_type_on_launch": "ip-name",
            "tags": {
              "Name": "davila-drift-testing-private-subnet",
              "git_commit": "c473ec91004d8706f13558f28ecfb0e6ab6e1484",
              "git_file": "ec2-instance.tf",
              "git_last_modified_at": "2023-05-17 14:30:17",
              "git_last_modified_by": "33632789+davidaavilar@users.noreply.github.com",
              "git_modifiers": "33632789+davidaavilar",
              "git_org": "davidaavilar",
              "git_repo": "davila-drift-detection",
              "yor_trace": "9745aa8e-0e1e-4010-96a3-80b226d0b865"
            },
            "tags_all": {
              "Name": "davila-drift-testing-private-subnet",
              "git_commit": "c473ec91004d8706f13558f28ecfb0e6ab6e1484",
              "git_file": "ec2-instance.tf",
              "git_last_modified_at": "2023-05-17 14:30:17",
              "git_last_modified_by": "33632789+davidaavilar@users.noreply.github.com",
              "git_modifiers": "33632789+davidaavilar",
              "git_org": "davidaavilar",
              "git_repo": "davila-drift-detection",
              "yor_trace": "9745aa8e-0e1e-4010-96a3-80b226d0b865"
            },
            "timeouts": null,
            "vpc_id": "vpc-07b49b3c08788ac2e"
          },
          "sensitive_attributes": [],
          "private": "eyJlMmJmYjczMC1lY2FhLTExZTYtOGY4OC0zNDM2M2JjN2M0YzAiOnsiY3JlYXRlIjo2MDAwMDAwMDAwMDAsImRlbGV0ZSI6MTIwMDAwMDAwMDAwMH0sInNjaGVtYV92ZXJzaW9uIjoiMSJ9",
          "dependencies": [
            "aws_vpc.this",
            "data.aws_region.current"
          ]
        }
      ]
    },
    {
      "mode": "managed",
      "type": "aws_subnet",
      "name": "this_public",
      "provider": "provider[\"registry.terraform.io/hashicorp/aws\"]",
      "instances": [
        {
          "schema_version": 1,
          "attributes": {
            "arn": "arn:aws:ec2:us-east-1:108863513136:subnet/subnet-062d65fc3949b38d3",
            "assign_ipv6_address_on_creation": false,
            "availability_zone": "us-east-1a",
            "availability_zone_id": "use1-az1",
            "cidr_block": "10.20.1.0/24",
            "customer_owned_ipv4_pool": "",
            "enable_dns64": false,
            "enable_lni_at_device_index": 0,
            "enable_resource_name_dns_a_record_on_launch": false,
            "enable_resource_name_dns_aaaa_record_on_launch": false,
            "id": "subnet-062d65fc3949b38d3",
            "ipv6_cidr_block": "",
            "ipv6_cidr_block_association_id": "",
            "ipv6_native": false,
            "map_customer_owned_ip_on_launch": false,
            "map_public_ip_on_launch": false,
            "outpost_arn": "",
            "owner_id": "108863513136",
            "private_dns_hostname_type_on_launch": "ip-name",
            "tags": {
              "Name": "davila-drift-testing-public-subnet",
              "git_commit": "c473ec91004d8706f13558f28ecfb0e6ab6e1484",
              "git_file": "ec2-instance.tf",
              "git_last_modified_at": "2023-05-17 14:30:17",
              "git_last_modified_by": "33632789+davidaavilar@users.noreply.github.com",
              "git_modifiers": "33632789+davidaavilar",
              "git_org": "davidaavilar",
              "git_repo": "davila-drift-detection",
              "yor_trace": "c4f28bf9-30ca-4f40-a55c-55cf135b70fe"
            },
            "tags_all": {
              "Name": "davila-drift-testing-public-subnet",
              "git_commit": "c473ec91004d8706f13558f28ecfb0e6ab6e1484",
              "git_file": "ec2-instance.tf",
              "git_last_modified_at": "2023-05-17 14:30:17",
              "git_last_modified_by": "33632789+davidaavilar@users.noreply.github.com",
              "git_modifiers": "33632789+davidaavilar",
              "git_org": "davidaavilar",
              "git_repo": "davila-drift-detection",
              "yor_trace": "c4f28bf9-30ca-4f40-a55c-55cf135b70fe"
            },
            "timeouts": null,
            "vpc_id": "vpc-07b49b3c08788ac2e"
          },
          "sensitive_attributes": [],
          "private": "eyJlMmJmYjczMC1lY2FhLTExZTYtOGY4OC0zNDM2M2JjN2M0YzAiOnsiY3JlYXRlIjo2MDAwMDAwMDAwMDAsImRlbGV0ZSI6MTIwMDAwMDAwMDAwMH0sInNjaGVtYV92ZXJzaW9uIjoiMSJ9",
          "dependencies": [
            "aws_vpc.this",
            "data.aws_region.current"
          ]
        }
      ]
    },
    {
      "mode": "managed",
      "type": "aws_vpc",
      "name": "this",
      "provider": "provider[\"registry.terraform.io/hashicorp/aws\"]",
      "instances": [
        {
          "schema_version": 1,
          "attributes": {
            "arn": "arn:aws:ec2:us-east-1:108863513136:vpc/vpc-07b49b3c08788ac2e",
            "assign_generated_ipv6_cidr_block": false,
            "cidr_block": "10.20.0.0/16",
            "default_network_acl_id": "acl-0bf829ec0048df599",
            "default_route_table_id": "rtb-0d473f2798c1e3d44",
            "default_security_group_id": "sg-0514c34fe8fcddb77",
            "dhcp_options_id": "dopt-01a95cfdbd1c96b4c",
            "enable_classiclink": false,
            "enable_classiclink_dns_support": false,
            "enable_dns_hostnames": false,
            "enable_dns_support": true,
            "enable_network_address_usage_metrics": false,
            "id": "vpc-07b49b3c08788ac2e",
            "instance_tenancy": "default",
            "ipv4_ipam_pool_id": null,
            "ipv4_netmask_length": null,
            "ipv6_association_id": "",
            "ipv6_cidr_block": "",
            "ipv6_cidr_block_network_border_group": "",
            "ipv6_ipam_pool_id": "",
            "ipv6_netmask_length": 0,
            "main_route_table_id": "rtb-0d473f2798c1e3d44",
            "owner_id": "108863513136",
            "tags": {
              "Name": "davila-drift-testing-vpc",
              "git_commit": "c473ec91004d8706f13558f28ecfb0e6ab6e1484",
              "git_file": "ec2-instance.tf",
              "git_last_modified_at": "2023-05-17 14:30:17",
              "git_last_modified_by": "33632789+davidaavilar@users.noreply.github.com",
              "git_modifiers": "33632789+davidaavilar",
              "git_org": "davidaavilar",
              "git_repo": "davila-drift-detection",
              "yor_trace": "1486070c-2cc5-4429-94c7-fc52606538e1"
            },
            "tags_all": {
              "Name": "davila-drift-testing-vpc",
              "git_commit": "c473ec91004d8706f13558f28ecfb0e6ab6e1484",
              "git_file": "ec2-instance.tf",
              "git_last_modified_at": "2023-05-17 14:30:17",
              "git_last_modified_by": "33632789+davidaavilar@users.noreply.github.com",
              "git_modifiers": "33632789+davidaavilar",
              "git_org": "davidaavilar",
              "git_repo": "davila-drift-detection",
              "yor_trace": "1486070c-2cc5-4429-94c7-fc52606538e1"
            }
          },
          "sensitive_attributes": [],
          "private": "eyJzY2hlbWFfdmVyc2lvbiI6IjEifQ=="
        }
      ]
    }
  ],
  "check_results": null
}
